
Microsoft Visual Studio Solution File, Format Version 12.00
# Visual Studio Version 17
VisualStudioVersion = 17.8.34309.116
MinimumVisualStudioVersion = 10.0.40219.1
Project("{FAE04EC0-301F-11D3-BF4B-00C04F79EFBC}") = "NiueryToolKit", "NiueryToolKit.csproj", "{A5FF384C-8695-4CDE-A485-9B91FED1FDD5}"
EndProject
Global
	GlobalSection(SolutionConfigurationPlatforms) = preSolution
		Debug|Any CPU = Debug|Any CPU
		Release|Any CPU = Release|Any CPU
	EndGlobalSection
	GlobalSection(ProjectConfigurationPlatforms) = postSolution
		{A5FF384C-8695-4CDE-A485-9B91FED1FDD5}.Debug|Any CPU.ActiveCfg = Debug|Any CPU
		{A5FF384C-8695-4CDE-A485-9B91FED1FDD5}.Debug|Any CPU.Build.0 = Debug|Any CPU
		{A5FF384C-8695-4CDE-A485-9B91FED1FDD5}.Release|Any CPU.ActiveCfg = Release|Any CPU
		{A5FF384C-8695-4CDE-A485-9B91FED1FDD5}.Release|Any CPU.Build.0 = Release|Any CPU
	EndGlobalSection
	GlobalSection(SolutionProperties) = preSolution
		HideSolutionNode = FALSE
	EndGlobalSection
	GlobalSection(ExtensibilityGlobals) = postSolution
		SolutionGuid = {935D232A-1976-4EC1-ACC5-825A0392C161}
	EndGlobalSection
EndGlobal
